
Microsoft Visual Studio Solution File, Format Version 12.00
# Visual Studio 15
VisualStudioVersion = 15.0.27130.2020
MinimumVisualStudioVersion = 10.0.40219.1
Project("{FAE04EC0-301F-11D3-BF4B-00C04F79EFBC}") = "DoceriaLima", "DoceriaLima\DoceriaLima.csproj", "{27305165-CFB3-4582-9ACB-B2FBD1F7927A}"
EndProject
Project("{FAE04EC0-301F-11D3-BF4B-00C04F79EFBC}") = "WebApplication1", "WebApplication1\WebApplication1.csproj", "{A68F929D-71F1-4861-AA70-27386E31CAB2}"
EndProject
Global
	GlobalSection(SolutionConfigurationPlatforms) = preSolution
		Debug|Any CPU = Debug|Any CPU
		Release|Any CPU = Release|Any CPU
	EndGlobalSection
	GlobalSection(ProjectConfigurationPlatforms) = postSolution
		{27305165-CFB3-4582-9ACB-B2FBD1F7927A}.Debug|Any CPU.ActiveCfg = Debug|Any CPU
		{27305165-CFB3-4582-9ACB-B2FBD1F7927A}.Debug|Any CPU.Build.0 = Debug|Any CPU
		{27305165-CFB3-4582-9ACB-B2FBD1F7927A}.Release|Any CPU.ActiveCfg = Release|Any CPU
		{27305165-CFB3-4582-9ACB-B2FBD1F7927A}.Release|Any CPU.Build.0 = Release|Any CPU
		{A68F929D-71F1-4861-AA70-27386E31CAB2}.Debug|Any CPU.ActiveCfg = Debug|Any CPU
		{A68F929D-71F1-4861-AA70-27386E31CAB2}.Debug|Any CPU.Build.0 = Debug|Any CPU
		{A68F929D-71F1-4861-AA70-27386E31CAB2}.Release|Any CPU.ActiveCfg = Release|Any CPU
		{A68F929D-71F1-4861-AA70-27386E31CAB2}.Release|Any CPU.Build.0 = Release|Any CPU
	EndGlobalSection
	GlobalSection(SolutionProperties) = preSolution
		HideSolutionNode = FALSE
	EndGlobalSection
	GlobalSection(ExtensibilityGlobals) = postSolution
		SolutionGuid = {2A5E41E1-1385-48BC-BEEE-D87FDD321E93}
	EndGlobalSection
EndGlobal
